
Microsoft Visual Studio Solution File, Format Version 12.00
# Visual Studio Version 16
VisualStudioVersion = 16.0.30523.141
MinimumVisualStudioVersion = 10.0.40219.1
Project("{FAE04EC0-301F-11D3-BF4B-00C04F79EFBC}") = "Borc_Irina_Lab10.Android", "Borc_Irina_Lab10.Android\Borc_Irina_Lab10.Android.csproj", "{255FA78E-2CBF-4662-B9B1-5B69FBBA1BD2}"
EndProject
Project("{FAE04EC0-301F-11D3-BF4B-00C04F79EFBC}") = "Borc_Irina_Lab10.iOS", "Borc_Irina_Lab10.iOS\Borc_Irina_Lab10.iOS.csproj", "{E5E70941-2259-4F29-A9BE-270F87104C67}"
EndProject
Project("{FAE04EC0-301F-11D3-BF4B-00C04F79EFBC}") = "Borc_Irina_Lab10", "Borc_Irina_Lab10\Borc_Irina_Lab10.csproj", "{0E7CA786-B16D-4048-AC59-50CC09C3EA6F}"
EndProject
Global
	GlobalSection(SolutionConfigurationPlatforms) = preSolution
		Debug|Any CPU = Debug|Any CPU
		Debug|iPhone = Debug|iPhone
		Debug|iPhoneSimulator = Debug|iPhoneSimulator
		Release|Any CPU = Release|Any CPU
		Release|iPhone = Release|iPhone
		Release|iPhoneSimulator = Release|iPhoneSimulator
	EndGlobalSection
	GlobalSection(ProjectConfigurationPlatforms) = postSolution
		{255FA78E-2CBF-4662-B9B1-5B69FBBA1BD2}.Debug|Any CPU.ActiveCfg = Debug|Any CPU
		{255FA78E-2CBF-4662-B9B1-5B69FBBA1BD2}.Debug|Any CPU.Build.0 = Debug|Any CPU
		{255FA78E-2CBF-4662-B9B1-5B69FBBA1BD2}.Debug|Any CPU.Deploy.0 = Debug|Any CPU
		{255FA78E-2CBF-4662-B9B1-5B69FBBA1BD2}.Debug|iPhone.ActiveCfg = Debug|Any CPU
		{255FA78E-2CBF-4662-B9B1-5B69FBBA1BD2}.Debug|iPhone.Build.0 = Debug|Any CPU
		{255FA78E-2CBF-4662-B9B1-5B69FBBA1BD2}.Debug|iPhone.Deploy.0 = Debug|Any CPU
		{255FA78E-2CBF-4662-B9B1-5B69FBBA1BD2}.Debug|iPhoneSimulator.ActiveCfg = Debug|Any CPU
		{255FA78E-2CBF-4662-B9B1-5B69FBBA1BD2}.Debug|iPhoneSimulator.Build.0 = Debug|Any CPU
		{255FA78E-2CBF-4662-B9B1-5B69FBBA1BD2}.Debug|iPhoneSimulator.Deploy.0 = Debug|Any CPU
		{255FA78E-2CBF-4662-B9B1-5B69FBBA1BD2}.Release|Any CPU.ActiveCfg = Release|Any CPU
		{255FA78E-2CBF-4662-B9B1-5B69FBBA1BD2}.Release|Any CPU.Build.0 = Release|Any CPU
		{255FA78E-2CBF-4662-B9B1-5B69FBBA1BD2}.Release|Any CPU.Deploy.0 = Release|Any CPU
		{255FA78E-2CBF-4662-B9B1-5B69FBBA1BD2}.Release|iPhone.ActiveCfg = Release|Any CPU
		{255FA78E-2CBF-4662-B9B1-5B69FBBA1BD2}.Release|iPhone.Build.0 = Release|Any CPU
		{255FA78E-2CBF-4662-B9B1-5B69FBBA1BD2}.Release|iPhone.Deploy.0 = Release|Any CPU
		{255FA78E-2CBF-4662-B9B1-5B69FBBA1BD2}.Release|iPhoneSimulator.ActiveCfg = Release|Any CPU
		{255FA78E-2CBF-4662-B9B1-5B69FBBA1BD2}.Release|iPhoneSimulator.Build.0 = Release|Any CPU
		{255FA78E-2CBF-4662-B9B1-5B69FBBA1BD2}.Release|iPhoneSimulator.Deploy.0 = Release|Any CPU
		{E5E70941-2259-4F29-A9BE-270F87104C67}.Debug|Any CPU.ActiveCfg = Debug|iPhone
		{E5E70941-2259-4F29-A9BE-270F87104C67}.Debug|Any CPU.Build.0 = Debug|iPhone
		{E5E70941-2259-4F29-A9BE-270F87104C67}.Debug|Any CPU.Deploy.0 = Debug|iPhone
		{E5E70941-2259-4F29-A9BE-270F87104C67}.Debug|iPhone.ActiveCfg = Debug|iPhone
		{E5E70941-2259-4F29-A9BE-270F87104C67}.Debug|iPhone.Build.0 = Debug|iPhone
		{E5E70941-2259-4F29-A9BE-270F87104C67}.Debug|iPhone.Deploy.0 = Debug|iPhone
		{E5E70941-2259-4F29-A9BE-270F87104C67}.Debug|iPhoneSimulator.ActiveCfg = Debug|iPhoneSimulator
		{E5E70941-2259-4F29-A9BE-270F87104C67}.Debug|iPhoneSimulator.Build.0 = Debug|iPhoneSimulator
		{E5E70941-2259-4F29-A9BE-270F87104C67}.Debug|iPhoneSimulator.Deploy.0 = Debug|iPhoneSimulator
		{E5E70941-2259-4F29-A9BE-270F87104C67}.Release|Any CPU.ActiveCfg = Release|iPhoneSimulator
		{E5E70941-2259-4F29-A9BE-270F87104C67}.Release|Any CPU.Build.0 = Release|iPhoneSimulator
		{E5E70941-2259-4F29-A9BE-270F87104C67}.Release|Any CPU.Deploy.0 = Release|iPhoneSimulator
		{E5E70941-2259-4F29-A9BE-270F87104C67}.Release|iPhone.ActiveCfg = Release|iPhone
		{E5E70941-2259-4F29-A9BE-270F87104C67}.Release|iPhone.Build.0 = Release|iPhone
		{E5E70941-2259-4F29-A9BE-270F87104C67}.Release|iPhone.Deploy.0 = Release|iPhone
		{E5E70941-2259-4F29-A9BE-270F87104C67}.Release|iPhoneSimulator.ActiveCfg = Release|iPhoneSimulator
		{E5E70941-2259-4F29-A9BE-270F87104C67}.Release|iPhoneSimulator.Build.0 = Release|iPhoneSimulator
		{E5E70941-2259-4F29-A9BE-270F87104C67}.Release|iPhoneSimulator.Deploy.0 = Release|iPhoneSimulator
		{0E7CA786-B16D-4048-AC59-50CC09C3EA6F}.Debug|Any CPU.ActiveCfg = Debug|Any CPU
		{0E7CA786-B16D-4048-AC59-50CC09C3EA6F}.Debug|Any CPU.Build.0 = Debug|Any CPU
		{0E7CA786-B16D-4048-AC59-50CC09C3EA6F}.Debug|Any CPU.Deploy.0 = Debug|Any CPU
		{0E7CA786-B16D-4048-AC59-50CC09C3EA6F}.Debug|iPhone.ActiveCfg = Debug|Any CPU
		{0E7CA786-B16D-4048-AC59-50CC09C3EA6F}.Debug|iPhone.Build.0 = Debug|Any CPU
		{0E7CA786-B16D-4048-AC59-50CC09C3EA6F}.Debug|iPhone.Deploy.0 = Debug|Any CPU
		{0E7CA786-B16D-4048-AC59-50CC09C3EA6F}.Debug|iPhoneSimulator.ActiveCfg = Debug|Any CPU
		{0E7CA786-B16D-4048-AC59-50CC09C3EA6F}.Debug|iPhoneSimulator.Build.0 = Debug|Any CPU
		{0E7CA786-B16D-4048-AC59-50CC09C3EA6F}.Debug|iPhoneSimulator.Deploy.0 = Debug|Any CPU
		{0E7CA786-B16D-4048-AC59-50CC09C3EA6F}.Release|Any CPU.ActiveCfg = Release|Any CPU
		{0E7CA786-B16D-4048-AC59-50CC09C3EA6F}.Release|Any CPU.Build.0 = Release|Any CPU
		{0E7CA786-B16D-4048-AC59-50CC09C3EA6F}.Release|Any CPU.Deploy.0 = Release|Any CPU
		{0E7CA786-B16D-4048-AC59-50CC09C3EA6F}.Release|iPhone.ActiveCfg = Release|Any CPU
		{0E7CA786-B16D-4048-AC59-50CC09C3EA6F}.Release|iPhone.Build.0 = Release|Any CPU
		{0E7CA786-B16D-4048-AC59-50CC09C3EA6F}.Release|iPhone.Deploy.0 = Release|Any CPU
		{0E7CA786-B16D-4048-AC59-50CC09C3EA6F}.Release|iPhoneSimulator.ActiveCfg = Release|Any CPU
		{0E7CA786-B16D-4048-AC59-50CC09C3EA6F}.Release|iPhoneSimulator.Build.0 = Release|Any CPU
		{0E7CA786-B16D-4048-AC59-50CC09C3EA6F}.Release|iPhoneSimulator.Deploy.0 = Release|Any CPU
	EndGlobalSection
	GlobalSection(SolutionProperties) = preSolution
		HideSolutionNode = FALSE
	EndGlobalSection
	GlobalSection(ExtensibilityGlobals) = postSolution
		SolutionGuid = {8D055AFA-BD22-49B7-9EF4-EB9F7AA1B16A}
	EndGlobalSection
EndGlobal
